// !$*UTF8*$!
{
	archiveVersion = 1;
	classes = {
	};
	objectVersion = 55;
	objects = {

/* Begin PBXBuildFile section */
		5005055227DF837900B04FC9 /* MoneyProgressApp.swift in Sources */ = {isa = PBXBuildFile; fileRef = 5005055127DF837900B04FC9 /* MoneyProgressApp.swift */; };
		5005055427DF837900B04FC9 /* ContentView.swift in Sources */ = {isa = PBXBuildFile; fileRef = 5005055327DF837900B04FC9 /* ContentView.swift */; };
		5005055627DF837A00B04FC9 /* Assets.xcassets in Resources */ = {isa = PBXBuildFile; fileRef = 5005055527DF837A00B04FC9 /* Assets.xcassets */; };
		5005056327DF879300B04FC9 /* Colorful in Frameworks */ = {isa = PBXBuildFile; productRef = 5005056227DF879300B04FC9 /* Colorful */; };
		502AB51027E00E7F003631C3 /* Menubar.swift in Sources */ = {isa = PBXBuildFile; fileRef = 502AB50F27E00E7F003631C3 /* Menubar.swift */; };
		502AB51227E0112A003631C3 /* MenubarView.swift in Sources */ = {isa = PBXBuildFile; fileRef = 502AB51127E0112A003631C3 /* MenubarView.swift */; };
		6CFBB78527E3845300A324A8 /* InfoPlist.strings in Resources */ = {isa = PBXBuildFile; fileRef = 6CFBB78327E3845300A324A8 /* InfoPlist.strings */; };
		6CFBB78827E3845300A324A8 /* Localizable.strings in Resources */ = {isa = PBXBuildFile; fileRef = 6CFBB78627E3845300A324A8 /* Localizable.strings */; };
		F4099B5627E323A000659675 /* ISO_4217_Currency _Codes.json in Resources */ = {isa = PBXBuildFile; fileRef = F4099B5527E323A000659675 /* ISO_4217_Currency _Codes.json */; };
		F4099B5927E32D2900659675 /* CurrencyModel.swift in Sources */ = {isa = PBXBuildFile; fileRef = F4099B5827E32D2900659675 /* CurrencyModel.swift */; };
		F4099B5B27E32DB700659675 /* CurrencyModelData.swift in Sources */ = {isa = PBXBuildFile; fileRef = F4099B5A27E32DB700659675 /* CurrencyModelData.swift */; };
/* End PBXBuildFile section */

/* Begin PBXFileReference section */
		5005054E27DF837900B04FC9 /* 钱条.app */ = {isa = PBXFileReference; explicitFileType = wrapper.application; includeInIndex = 0; path = "钱条.app"; sourceTree = BUILT_PRODUCTS_DIR; };
		5005055127DF837900B04FC9 /* MoneyProgressApp.swift */ = {isa = PBXFileReference; lastKnownFileType = sourcecode.swift; path = MoneyProgressApp.swift; sourceTree = "<group>"; };
		5005055327DF837900B04FC9 /* ContentView.swift */ = {isa = PBXFileReference; lastKnownFileType = sourcecode.swift; path = ContentView.swift; sourceTree = "<group>"; };
		5005055527DF837A00B04FC9 /* Assets.xcassets */ = {isa = PBXFileReference; lastKnownFileType = folder.assetcatalog; path = Assets.xcassets; sourceTree = "<group>"; };
		5005055A27DF837A00B04FC9 /* MoneyProgress.entitlements */ = {isa = PBXFileReference; lastKnownFileType = text.plist.entitlements; path = MoneyProgress.entitlements; sourceTree = "<group>"; };
		5005056027DF878B00B04FC9 /* Colorful */ = {isa = PBXFileReference; lastKnownFileType = text; path = Colorful; sourceTree = SOURCE_ROOT; };
		502AB50F27E00E7F003631C3 /* Menubar.swift */ = {isa = PBXFileReference; lastKnownFileType = sourcecode.swift; path = Menubar.swift; sourceTree = "<group>"; };
		502AB51127E0112A003631C3 /* MenubarView.swift */ = {isa = PBXFileReference; lastKnownFileType = sourcecode.swift; path = MenubarView.swift; sourceTree = "<group>"; };
		5071DFBC27E0261E0015727B /* Info.plist */ = {isa = PBXFileReference; lastKnownFileType = text.plist; path = Info.plist; sourceTree = "<group>"; };
		6CFBB78427E3845300A324A8 /* zh-Hant */ = {isa = PBXFileReference; lastKnownFileType = text.plist.strings; name = "zh-Hant"; path = "zh-Hant.lproj/InfoPlist.strings"; sourceTree = "<group>"; };
		6CFBB78727E3845300A324A8 /* zh-Hant */ = {isa = PBXFileReference; lastKnownFileType = text.plist.strings; name = "zh-Hant"; path = "zh-Hant.lproj/Localizable.strings"; sourceTree = "<group>"; };
		F4099B5527E323A000659675 /* ISO_4217_Currency _Codes.json */ = {isa = PBXFileReference; fileEncoding = 4; lastKnownFileType = text.json; path = "ISO_4217_Currency _Codes.json"; sourceTree = "<group>"; };
		F4099B5827E32D2900659675 /* CurrencyModel.swift */ = {isa = PBXFileReference; lastKnownFileType = sourcecode.swift; path = CurrencyModel.swift; sourceTree = "<group>"; };
		F4099B5A27E32DB700659675 /* CurrencyModelData.swift */ = {isa = PBXFileReference; lastKnownFileType = sourcecode.swift; path = CurrencyModelData.swift; sourceTree = "<group>"; };
/* End PBXFileReference section */

/* Begin PBXFrameworksBuildPhase section */
		5005054B27DF837900B04FC9 /* Frameworks */ = {
			isa = PBXFrameworksBuildPhase;
			buildActionMask = 2147483647;
			files = (
				5005056327DF879300B04FC9 /* Colorful in Frameworks */,
			);
			runOnlyForDeploymentPostprocessing = 0;
		};
/* End PBXFrameworksBuildPhase section */

/* Begin PBXGroup section */
		5005054527DF837900B04FC9 = {
			isa = PBXGroup;
			children = (
				5005055027DF837900B04FC9 /* MoneyProgress */,
				5005054F27DF837900B04FC9 /* Products */,
				5005056127DF879300B04FC9 /* Frameworks */,
			);
			sourceTree = "<group>";
		};
		5005054F27DF837900B04FC9 /* Products */ = {
			isa = PBXGroup;
			children = (
				5005054E27DF837900B04FC9 /* 钱条.app */,
			);
			name = Products;
			sourceTree = "<group>";
		};
		5005055027DF837900B04FC9 /* MoneyProgress */ = {
			isa = PBXGroup;
			children = (
				F4099B5727E32D0500659675 /* Models */,
				F4099B5427E3238C00659675 /* Resoucre */,
				5071DFBC27E0261E0015727B /* Info.plist */,
				6CFBB78627E3845300A324A8 /* Localizable.strings */,
				6CFBB78327E3845300A324A8 /* InfoPlist.strings */,
				5005056027DF878B00B04FC9 /* Colorful */,
				5005055127DF837900B04FC9 /* MoneyProgressApp.swift */,
				5005055327DF837900B04FC9 /* ContentView.swift */,
				502AB50F27E00E7F003631C3 /* Menubar.swift */,
				502AB51127E0112A003631C3 /* MenubarView.swift */,
				5005055527DF837A00B04FC9 /* Assets.xcassets */,
				5005055A27DF837A00B04FC9 /* MoneyProgress.entitlements */,
			);
			path = MoneyProgress;
			sourceTree = "<group>";
		};
		5005056127DF879300B04FC9 /* Frameworks */ = {
			isa = PBXGroup;
			children = (
			);
			name = Frameworks;
			sourceTree = "<group>";
		};
		F4099B5427E3238C00659675 /* Resoucre */ = {
			isa = PBXGroup;
			children = (
				F4099B5527E323A000659675 /* ISO_4217_Currency _Codes.json */,
			);
			path = Resoucre;
			sourceTree = "<group>";
		};
		F4099B5727E32D0500659675 /* Models */ = {
			isa = PBXGroup;
			children = (
				F4099B5827E32D2900659675 /* CurrencyModel.swift */,
				F4099B5A27E32DB700659675 /* CurrencyModelData.swift */,
			);
			path = Models;
			sourceTree = "<group>";
		};
/* End PBXGroup section */

/* Begin PBXNativeTarget section */
		5005054D27DF837900B04FC9 /* 钱条 */ = {
			isa = PBXNativeTarget;
			buildConfigurationList = 5005055D27DF837A00B04FC9 /* Build configuration list for PBXNativeTarget "钱条" */;
			buildPhases = (
				5005054A27DF837900B04FC9 /* Sources */,
				5005054B27DF837900B04FC9 /* Frameworks */,
				5005054C27DF837900B04FC9 /* Resources */,
			);
			buildRules = (
			);
			dependencies = (
			);
			name = "钱条";
			packageProductDependencies = (
				5005056227DF879300B04FC9 /* Colorful */,
			);
			productName = MoneyProgress;
			productReference = 5005054E27DF837900B04FC9 /* 钱条.app */;
			productType = "com.apple.product-type.application";
		};
/* End PBXNativeTarget section */

/* Begin PBXProject section */
		5005054627DF837900B04FC9 /* Project object */ = {
			isa = PBXProject;
			attributes = {
				BuildIndependentTargetsInParallel = 1;
				LastSwiftUpdateCheck = 1320;
				LastUpgradeCheck = 1330;
				TargetAttributes = {
					5005054D27DF837900B04FC9 = {
						CreatedOnToolsVersion = 13.2.1;
					};
				};
			};
			buildConfigurationList = 5005054927DF837900B04FC9 /* Build configuration list for PBXProject "MoneyProgress" */;
			compatibilityVersion = "Xcode 13.0";
			developmentRegion = en;
			hasScannedForEncodings = 0;
			knownRegions = (
				en,
				Base,
				"zh-Hant",
				"zh-Hans",
			);
			mainGroup = 5005054527DF837900B04FC9;
			productRefGroup = 5005054F27DF837900B04FC9 /* Products */;
			projectDirPath = "";
			projectRoot = "";
			targets = (
				5005054D27DF837900B04FC9 /* 钱条 */,
			);
		};
/* End PBXProject section */

/* Begin PBXResourcesBuildPhase section */
		5005054C27DF837900B04FC9 /* Resources */ = {
			isa = PBXResourcesBuildPhase;
			buildActionMask = 2147483647;
			files = (
				F4099B5627E323A000659675 /* ISO_4217_Currency _Codes.json in Resources */,
				6CFBB78827E3845300A324A8 /* Localizable.strings in Resources */,
				6CFBB78527E3845300A324A8 /* InfoPlist.strings in Resources */,
				5005055627DF837A00B04FC9 /* Assets.xcassets in Resources */,
			);
			runOnlyForDeploymentPostprocessing = 0;
		};
/* End PBXResourcesBuildPhase section */

/* Begin PBXSourcesBuildPhase section */
		5005054A27DF837900B04FC9 /* Sources */ = {
			isa = PBXSourcesBuildPhase;
			buildActionMask = 2147483647;
			files = (
				F4099B5927E32D2900659675 /* CurrencyModel.swift in Sources */,
				5005055427DF837900B04FC9 /* ContentView.swift in Sources */,
				F4099B5B27E32DB700659675 /* CurrencyModelData.swift in Sources */,
				502AB51227E0112A003631C3 /* MenubarView.swift in Sources */,
				5005055227DF837900B04FC9 /* MoneyProgressApp.swift in Sources */,
				502AB51027E00E7F003631C3 /* Menubar.swift in Sources */,
			);
			runOnlyForDeploymentPostprocessing = 0;
		};
/* End PBXSourcesBuildPhase section */

/* Begin PBXVariantGroup section */
		6CFBB78327E3845300A324A8 /* InfoPlist.strings */ = {
			isa = PBXVariantGroup;
			children = (
				6CFBB78427E3845300A324A8 /* zh-Hant */,
			);
			name = InfoPlist.strings;
			sourceTree = "<group>";
		};
		6CFBB78627E3845300A324A8 /* Localizable.strings */ = {
			isa = PBXVariantGroup;
			children = (
				6CFBB78727E3845300A324A8 /* zh-Hant */,
			);
			name = Localizable.strings;
			sourceTree = "<group>";
		};
/* End PBXVariantGroup section */

/* Begin XCBuildConfiguration section */
		5005055B27DF837A00B04FC9 /* Debug */ = {
			isa = XCBuildConfiguration;
			buildSettings = {
				ALWAYS_SEARCH_USER_PATHS = NO;
				CLANG_ANALYZER_NONNULL = YES;
				CLANG_ANALYZER_NUMBER_OBJECT_CONVERSION = YES_AGGRESSIVE;
				CLANG_CXX_LANGUAGE_STANDARD = "gnu++17";
				CLANG_CXX_LIBRARY = "libc++";
				CLANG_ENABLE_MODULES = YES;
				CLANG_ENABLE_OBJC_ARC = YES;
				CLANG_ENABLE_OBJC_WEAK = YES;
				CLANG_WARN_BLOCK_CAPTURE_AUTORELEASING = YES;
				CLANG_WARN_BOOL_CONVERSION = YES;
				CLANG_WARN_COMMA = YES;
				CLANG_WARN_CONSTANT_CONVERSION = YES;
				CLANG_WARN_DEPRECATED_OBJC_IMPLEMENTATIONS = YES;
				CLANG_WARN_DIRECT_OBJC_ISA_USAGE = YES_ERROR;
				CLANG_WARN_DOCUMENTATION_COMMENTS = YES;
				CLANG_WARN_EMPTY_BODY = YES;
				CLANG_WARN_ENUM_CONVERSION = YES;
				CLANG_WARN_INFINITE_RECURSION = YES;
				CLANG_WARN_INT_CONVERSION = YES;
				CLANG_WARN_NON_LITERAL_NULL_CONVERSION = YES;
				CLANG_WARN_OBJC_IMPLICIT_RETAIN_SELF = YES;
				CLANG_WARN_OBJC_LITERAL_CONVERSION = YES;
				CLANG_WARN_OBJC_ROOT_CLASS = YES_ERROR;
				CLANG_WARN_QUOTED_INCLUDE_IN_FRAMEWORK_HEADER = YES;
				CLANG_WARN_RANGE_LOOP_ANALYSIS = YES;
				CLANG_WARN_STRICT_PROTOTYPES = YES;
				CLANG_WARN_SUSPICIOUS_MOVE = YES;
				CLANG_WARN_UNGUARDED_AVAILABILITY = YES_AGGRESSIVE;
				CLANG_WARN_UNREACHABLE_CODE = YES;
				CLANG_WARN__DUPLICATE_METHOD_MATCH = YES;
				COPY_PHASE_STRIP = NO;
				DEBUG_INFORMATION_FORMAT = dwarf;
				ENABLE_STRICT_OBJC_MSGSEND = YES;
				ENABLE_TESTABILITY = YES;
				GCC_C_LANGUAGE_STANDARD = gnu11;
				GCC_DYNAMIC_NO_PIC = NO;
				GCC_NO_COMMON_BLOCKS = YES;
				GCC_OPTIMIZATION_LEVEL = 0;
				GCC_PREPROCESSOR_DEFINITIONS = (
					"DEBUG=1",
					"$(inherited)",
				);
				GCC_WARN_64_TO_32_BIT_CONVERSION = YES;
				GCC_WARN_ABOUT_RETURN_TYPE = YES_ERROR;
				GCC_WARN_UNDECLARED_SELECTOR = YES;
				GCC_WARN_UNINITIALIZED_AUTOS = YES_AGGRESSIVE;
				GCC_WARN_UNUSED_FUNCTION = YES;
				GCC_WARN_UNUSED_VARIABLE = YES;
				MACOSX_DEPLOYMENT_TARGET = 12.1;
				MTL_ENABLE_DEBUG_INFO = INCLUDE_SOURCE;
				MTL_FAST_MATH = YES;
				ONLY_ACTIVE_ARCH = YES;
				SDKROOT = macosx;
				SWIFT_ACTIVE_COMPILATION_CONDITIONS = DEBUG;
				SWIFT_OPTIMIZATION_LEVEL = "-Onone";
			};
			name = Debug;
		};
		5005055C27DF837A00B04FC9 /* Release */ = {
			isa = XCBuildConfiguration;
			buildSettings = {
				ALWAYS_SEARCH_USER_PATHS = NO;
				CLANG_ANALYZER_NONNULL = YES;
				CLANG_ANALYZER_NUMBER_OBJECT_CONVERSION = YES_AGGRESSIVE;
				CLANG_CXX_LANGUAGE_STANDARD = "gnu++17";
				CLANG_CXX_LIBRARY = "libc++";
				CLANG_ENABLE_MODULES = YES;
				CLANG_ENABLE_OBJC_ARC = YES;
				CLANG_ENABLE_OBJC_WEAK = YES;
				CLANG_WARN_BLOCK_CAPTURE_AUTORELEASING = YES;
				CLANG_WARN_BOOL_CONVERSION = YES;
				CLANG_WARN_COMMA = YES;
				CLANG_WARN_CONSTANT_CONVERSION = YES;
				CLANG_WARN_DEPRECATED_OBJC_IMPLEMENTATIONS = YES;
				CLANG_WARN_DIRECT_OBJC_ISA_USAGE = YES_ERROR;
				CLANG_WARN_DOCUMENTATION_COMMENTS = YES;
				CLANG_WARN_EMPTY_BODY = YES;
				CLANG_WARN_ENUM_CONVERSION = YES;
				CLANG_WARN_INFINITE_RECURSION = YES;
				CLANG_WARN_INT_CONVERSION = YES;
				CLANG_WARN_NON_LITERAL_NULL_CONVERSION = YES;
				CLANG_WARN_OBJC_IMPLICIT_RETAIN_SELF = YES;
				CLANG_WARN_OBJC_LITERAL_CONVERSION = YES;
				CLANG_WARN_OBJC_ROOT_CLASS = YES_ERROR;
				CLANG_WARN_QUOTED_INCLUDE_IN_FRAMEWORK_HEADER = YES;
				CLANG_WARN_RANGE_LOOP_ANALYSIS = YES;
				CLANG_WARN_STRICT_PROTOTYPES = YES;
				CLANG_WARN_SUSPICIOUS_MOVE = YES;
				CLANG_WARN_UNGUARDED_AVAILABILITY = YES_AGGRESSIVE;
				CLANG_WARN_UNREACHABLE_CODE = YES;
				CLANG_WARN__DUPLICATE_METHOD_MATCH = YES;
				COPY_PHASE_STRIP = NO;
				DEBUG_INFORMATION_FORMAT = "dwarf-with-dsym";
				ENABLE_NS_ASSERTIONS = NO;
				ENABLE_STRICT_OBJC_MSGSEND = YES;
				GCC_C_LANGUAGE_STANDARD = gnu11;
				GCC_NO_COMMON_BLOCKS = YES;
				GCC_WARN_64_TO_32_BIT_CONVERSION = YES;
				GCC_WARN_ABOUT_RETURN_TYPE = YES_ERROR;
				GCC_WARN_UNDECLARED_SELECTOR = YES;
				GCC_WARN_UNINITIALIZED_AUTOS = YES_AGGRESSIVE;
				GCC_WARN_UNUSED_FUNCTION = YES;
				GCC_WARN_UNUSED_VARIABLE = YES;
				MACOSX_DEPLOYMENT_TARGET = 12.1;
				MTL_ENABLE_DEBUG_INFO = NO;
				MTL_FAST_MATH = YES;
				SDKROOT = macosx;
				SWIFT_COMPILATION_MODE = wholemodule;
				SWIFT_OPTIMIZATION_LEVEL = "-O";
			};
			name = Release;
		};
		5005055E27DF837A00B04FC9 /* Debug */ = {
			isa = XCBuildConfiguration;
			buildSettings = {
				ASSETCATALOG_COMPILER_APPICON_NAME = AppIcon;
				ASSETCATALOG_COMPILER_GLOBAL_ACCENT_COLOR_NAME = AccentColor;
				CODE_SIGN_ENTITLEMENTS = MoneyProgress/MoneyProgress.entitlements;
				CODE_SIGN_IDENTITY = "-";
				CODE_SIGN_STYLE = Automatic;
				COMBINE_HIDPI_IMAGES = YES;
				CURRENT_PROJECT_VERSION = 5;
				DEVELOPMENT_ASSET_PATHS = "";
				DEVELOPMENT_TEAM = "";
				ENABLE_HARDENED_RUNTIME = YES;
				ENABLE_PREVIEWS = YES;
				GENERATE_INFOPLIST_FILE = YES;
				INFOPLIST_FILE = MoneyProgress/Info.plist;
				INFOPLIST_KEY_CFBundleDisplayName = "钱条";
				INFOPLIST_KEY_LSApplicationCategoryType = "public.app-category.lifestyle";
				INFOPLIST_KEY_NSHumanReadableCopyright = "Copyright © 2022 Lakr Aream. All rights reserved.";
				INFOPLIST_KEY_UISupportsDocumentBrowser = NO;
				LD_RUNPATH_SEARCH_PATHS = (
					"$(inherited)",
					"@executable_path/../Frameworks",
				);
				MACOSX_DEPLOYMENT_TARGET = 11.0;
				MARKETING_VERSION = 1.2;
				PRODUCT_BUNDLE_IDENTIFIER = wiki.qaq.MoneyProgress;
				PRODUCT_NAME = "$(TARGET_NAME)";
				SWIFT_EMIT_LOC_STRINGS = YES;
				SWIFT_VERSION = 5.0;
			};
			name = Debug;
		};
		5005055F27DF837A00B04FC9 /* Release */ = {
			isa = XCBuildConfiguration;
			buildSettings = {
				ASSETCATALOG_COMPILER_APPICON_NAME = AppIcon;
				ASSETCATALOG_COMPILER_GLOBAL_ACCENT_COLOR_NAME = AccentColor;
				CODE_SIGN_ENTITLEMENTS = MoneyProgress/MoneyProgress.entitlements;
				CODE_SIGN_IDENTITY = "-";
				CODE_SIGN_STYLE = Automatic;
				COMBINE_HIDPI_IMAGES = YES;
				CURRENT_PROJECT_VERSION = 5;
				DEVELOPMENT_ASSET_PATHS = "";
				DEVELOPMENT_TEAM = "";
				ENABLE_HARDENED_RUNTIME = YES;
				ENABLE_PREVIEWS = YES;
				GENERATE_INFOPLIST_FILE = YES;
				INFOPLIST_FILE = MoneyProgress/Info.plist;
				INFOPLIST_KEY_CFBundleDisplayName = "钱条";
				INFOPLIST_KEY_LSApplicationCategoryType = "public.app-category.lifestyle";
				INFOPLIST_KEY_NSHumanReadableCopyright = "Copyright © 2022 Lakr Aream. All rights reserved.";
				INFOPLIST_KEY_UISupportsDocumentBrowser = NO;
				LD_RUNPATH_SEARCH_PATHS = (
					"$(inherited)",
					"@executable_path/../Frameworks",
				);
				MACOSX_DEPLOYMENT_TARGET = 11.0;
				MARKETING_VERSION = 1.2;
				PRODUCT_BUNDLE_IDENTIFIER = wiki.qaq.MoneyProgress;
				PRODUCT_NAME = "$(TARGET_NAME)";
				SWIFT_EMIT_LOC_STRINGS = YES;
				SWIFT_VERSION = 5.0;
			};
			name = Release;
		};
/* End XCBuildConfiguration section */

/* Begin XCConfigurationList section */
		5005054927DF837900B04FC9 /* Build configuration list for PBXProject "MoneyProgress" */ = {
			isa = XCConfigurationList;
			buildConfigurations = (
				5005055B27DF837A00B04FC9 /* Debug */,
				5005055C27DF837A00B04FC9 /* Release */,
			);
			defaultConfigurationIsVisible = 0;
			defaultConfigurationName = Release;
		};
		5005055D27DF837A00B04FC9 /* Build configuration list for PBXNativeTarget "钱条" */ = {
			isa = XCConfigurationList;
			buildConfigurations = (
				5005055E27DF837A00B04FC9 /* Debug */,
				5005055F27DF837A00B04FC9 /* Release */,
			);
			defaultConfigurationIsVisible = 0;
			defaultConfigurationName = Release;
		};
/* End XCConfigurationList section */

/* Begin XCSwiftPackageProductDependency section */
		5005056227DF879300B04FC9 /* Colorful */ = {
			isa = XCSwiftPackageProductDependency;
			productName = Colorful;
		};
/* End XCSwiftPackageProductDependency section */
	};
	rootObject = 5005054627DF837900B04FC9 /* Project object */;
}
